{
  "version": 1,
  "dependencies": {
    "net9.0": {
      "Microsoft.NET.ILLink.Tasks": {
        "type": "Direct",
        "requested": "[9.0.4, )",
        "resolved": "9.0.4",
        "contentHash": "xUdlUxiFwXhTYhB4VxKg/IA0+jlZXJPo70LYuMryWbJHdonIpZjw+7DO2B0pWwpXIOs6MlH5WVXPEtfrGEcVZA=="
      },
      "Microsoft.NET.Sdk.WebAssembly.Pack": {
        "type": "Direct",
        "requested": "[9.0.4, )",
        "resolved": "9.0.4",
        "contentHash": "SbawDIBdWK+7UTkiIXquadlWAUPxV88+jytBdVsIFzvJXkxGGQKrufO4KPyYdS4shFtXLZyCuCckNt0YN5hZKw=="
      },
      "Uno.Wasm.Bootstrap": {
        "type": "Direct",
        "requested": "[9.0.*, )",
        "resolved": "9.0.16",
        "contentHash": "DzeLlO+s6pYBqB+W/zfrd3zQd3tWvt6HziwoCirzY7kQ31A6f3I2C99hXAPxCnUEbCVf8fTYSzE0D8dhe3vvUA=="
      }
    },
    "net9.0/browser-wasm": {}
  }
}