{
  "version": 1,
  "dependencies": {
    ".NETStandard,Version=v2.1": {
      "Google.Protobuf": {
        "type": "Direct",
        "requested": "[3.30.2, )",
        "resolved": "3.30.2",
        "contentHash": "Y2aOVLIt75yeeEWigg9V9YnjsEm53sADtLGq0gLhwaXpk3iu8tYSoauolyhenagA2sWno2TQ2WujI0HQd6s1Vw==",
        "dependencies": {
          "System.Memory": "4.5.3",
          "System.Runtime.CompilerServices.Unsafe": "4.5.2"
        }
      },
      "Grpc.Net.Client": {
        "type": "Direct",
        "requested": "[2.71.0, )",
        "resolved": "2.71.0",
        "contentHash": "U1vr20r5ngoT9nlb7wejF28EKN+taMhJsV9XtK9MkiepTZwnKxxiarriiMfCHuDAfPUm9XUjFMn/RIuJ4YY61w==",
        "dependencies": {
          "Grpc.Net.Common": "2.71.0",
          "Microsoft.Extensions.Logging.Abstractions": "6.0.0",
          "System.Diagnostics.DiagnosticSource": "6.0.1"
        }
      },
      "Grpc.Net.Client.Web": {
        "type": "Direct",
        "requested": "[2.71.0, )",
        "resolved": "2.71.0",
        "contentHash": "I+S8YkAhSwXyg2fwyHC4Bhf6QR1XFTzqsMPr6KsgsI23r/J87zLUuhv1Y93nt2Vl6b3j0mZlhknmN4fMnfvGdw=="
      },
      "Grpc.Tools": {
        "type": "Direct",
        "requested": "[2.71.0, )",
        "resolved": "2.71.0",
        "contentHash": "r8zHZm7kHdMrtujnkcuQ0BNDH2969at/8Va1ZzQgVblaQzR7tm8JlA3G+5Z5IFbvvf9PcAr1/VcoSR+g7j4Nyw=="
      },
      "Grpc.Core.Api": {
        "type": "Transitive",
        "resolved": "2.71.0",
        "contentHash": "QquqUC37yxsDzd1QaDRsH2+uuznWPTS8CVE2Yzwl3CvU4geTNkolQXoVN812M2IwT6zpv3jsZRc9ExJFNFslTg=="
      },
      "Grpc.Net.Common": {
        "type": "Transitive",
        "resolved": "2.71.0",
        "contentHash": "v0c8R97TwRYwNXlC8GyRXwYTCNufpDfUtj9la+wUrZFzVWkFJuNAltU+c0yI3zu0jl54k7en6u2WKgZgd57r2Q==",
        "dependencies": {
          "Grpc.Core.Api": "2.71.0"
        }
      },
      "Microsoft.Extensions.Logging.Abstractions": {
        "type": "Transitive",
        "resolved": "6.0.0",
        "contentHash": "/HggWBbTwy8TgebGSX5DBZ24ndhzi93sHUBDvP1IxbZD7FDokYzdAr6+vbWGjw2XAfR2EJ1sfKUotpjHnFWPxA==",
        "dependencies": {
          "System.Buffers": "4.5.1",
          "System.Memory": "4.5.4"
        }
      },
      "System.Buffers": {
        "type": "Transitive",
        "resolved": "4.5.1",
        "contentHash": "Rw7ijyl1qqRS0YQD/WycNst8hUUMgrMH4FCn1nNm27M4VxchZ1js3fVjQaANHO5f3sN4isvP4a+Met9Y4YomAg=="
      },
      "System.Diagnostics.DiagnosticSource": {
        "type": "Transitive",
        "resolved": "6.0.1",
        "contentHash": "KiLYDu2k2J82Q9BJpWiuQqCkFjRBWVq4jDzKKWawVi9KWzyD0XG3cmfX0vqTQlL14Wi9EufJrbL0+KCLTbqWiQ==",
        "dependencies": {
          "System.Memory": "4.5.4",
          "System.Runtime.CompilerServices.Unsafe": "6.0.0"
        }
      },
      "System.Memory": {
        "type": "Transitive",
        "resolved": "4.5.4",
        "contentHash": "1MbJTHS1lZ4bS4FmsJjnuGJOu88ZzTT2rLvrhW7Ygic+pC0NWA+3hgAen0HRdsocuQXCkUTdFn9yHJJhsijDXw==",
        "dependencies": {
          "System.Buffers": "4.5.1",
          "System.Numerics.Vectors": "4.4.0",
          "System.Runtime.CompilerServices.Unsafe": "4.5.3"
        }
      },
      "System.Numerics.Vectors": {
        "type": "Transitive",
        "resolved": "4.4.0",
        "contentHash": "UiLzLW+Lw6HLed1Hcg+8jSRttrbuXv7DANVj0DkL9g6EnnzbL75EB7EWsw5uRbhxd/4YdG8li5XizGWepmG3PQ=="
      },
      "System.Runtime.CompilerServices.Unsafe": {
        "type": "Transitive",
        "resolved": "6.0.0",
        "contentHash": "/iUeP3tq1S0XdNNoMz5C9twLSrM/TH+qElHkXWaPvuNOt+99G75NrV0OS2EqHx5wMN7popYjpc8oTjC1y16DLg=="
      }
    }
  }
}